
Microsoft Visual Studio Solution File, Format Version 12.00
# Visual Studio Version 16
VisualStudioVersion = 16.0.30413.136
MinimumVisualStudioVersion = 10.0.40219.1
Project("{8BC9CEB8-8B4A-11D0-8D11-00A0C91BC942}") = "DllUnload", "DllUnload\DllUnload.vcxproj", "{6B8EA734-9025-4FE5-82EB-7D99B2645EEF}"
EndProject
Project("{8BC9CEB8-8B4A-11D0-8D11-00A0C91BC942}") = "test", "test\test.vcxproj", "{58E5B1F9-F1CF-442C-A21D-15A45A27A623}"
EndProject
Project("{FAE04EC0-301F-11D3-BF4B-00C04F79EFBC}") = "testdll", "testdll\testdll.csproj", "{25AB223B-71D8-4E91-A7DF-23D3434932DB}"
EndProject
Project("{FAE04EC0-301F-11D3-BF4B-00C04F79EFBC}") = "LoadUnoadDll", "LoadUnoadDll\LoadUnoadDll.csproj", "{B1C4F054-C8C6-4C4E-992A-4117A3408DC5}"
EndProject
Global
	GlobalSection(SolutionConfigurationPlatforms) = preSolution
		Debug|Any CPU = Debug|Any CPU
		Debug|x64 = Debug|x64
		Debug|x86 = Debug|x86
		Release|Any CPU = Release|Any CPU
		Release|x64 = Release|x64
		Release|x86 = Release|x86
	EndGlobalSection
	GlobalSection(ProjectConfigurationPlatforms) = postSolution
		{6B8EA734-9025-4FE5-82EB-7D99B2645EEF}.Debug|Any CPU.ActiveCfg = Debug|Win32
		{6B8EA734-9025-4FE5-82EB-7D99B2645EEF}.Debug|x64.ActiveCfg = Debug|x64
		{6B8EA734-9025-4FE5-82EB-7D99B2645EEF}.Debug|x64.Build.0 = Debug|x64
		{6B8EA734-9025-4FE5-82EB-7D99B2645EEF}.Debug|x86.ActiveCfg = Debug|Win32
		{6B8EA734-9025-4FE5-82EB-7D99B2645EEF}.Debug|x86.Build.0 = Debug|Win32
		{6B8EA734-9025-4FE5-82EB-7D99B2645EEF}.Release|Any CPU.ActiveCfg = Release|Win32
		{6B8EA734-9025-4FE5-82EB-7D99B2645EEF}.Release|x64.ActiveCfg = Release|x64
		{6B8EA734-9025-4FE5-82EB-7D99B2645EEF}.Release|x64.Build.0 = Release|x64
		{6B8EA734-9025-4FE5-82EB-7D99B2645EEF}.Release|x86.ActiveCfg = Release|Win32
		{6B8EA734-9025-4FE5-82EB-7D99B2645EEF}.Release|x86.Build.0 = Release|Win32
		{58E5B1F9-F1CF-442C-A21D-15A45A27A623}.Debug|Any CPU.ActiveCfg = Debug|Win32
		{58E5B1F9-F1CF-442C-A21D-15A45A27A623}.Debug|x64.ActiveCfg = Debug|x64
		{58E5B1F9-F1CF-442C-A21D-15A45A27A623}.Debug|x64.Build.0 = Debug|x64
		{58E5B1F9-F1CF-442C-A21D-15A45A27A623}.Debug|x86.ActiveCfg = Debug|Win32
		{58E5B1F9-F1CF-442C-A21D-15A45A27A623}.Debug|x86.Build.0 = Debug|Win32
		{58E5B1F9-F1CF-442C-A21D-15A45A27A623}.Release|Any CPU.ActiveCfg = Release|Win32
		{58E5B1F9-F1CF-442C-A21D-15A45A27A623}.Release|x64.ActiveCfg = Release|x64
		{58E5B1F9-F1CF-442C-A21D-15A45A27A623}.Release|x64.Build.0 = Release|x64
		{58E5B1F9-F1CF-442C-A21D-15A45A27A623}.Release|x86.ActiveCfg = Release|Win32
		{58E5B1F9-F1CF-442C-A21D-15A45A27A623}.Release|x86.Build.0 = Release|Win32
		{25AB223B-71D8-4E91-A7DF-23D3434932DB}.Debug|Any CPU.ActiveCfg = Debug|Any CPU
		{25AB223B-71D8-4E91-A7DF-23D3434932DB}.Debug|Any CPU.Build.0 = Debug|Any CPU
		{25AB223B-71D8-4E91-A7DF-23D3434932DB}.Debug|x64.ActiveCfg = Debug|Any CPU
		{25AB223B-71D8-4E91-A7DF-23D3434932DB}.Debug|x64.Build.0 = Debug|Any CPU
		{25AB223B-71D8-4E91-A7DF-23D3434932DB}.Debug|x86.ActiveCfg = Debug|Any CPU
		{25AB223B-71D8-4E91-A7DF-23D3434932DB}.Debug|x86.Build.0 = Debug|Any CPU
		{25AB223B-71D8-4E91-A7DF-23D3434932DB}.Release|Any CPU.ActiveCfg = Release|Any CPU
		{25AB223B-71D8-4E91-A7DF-23D3434932DB}.Release|Any CPU.Build.0 = Release|Any CPU
		{25AB223B-71D8-4E91-A7DF-23D3434932DB}.Release|x64.ActiveCfg = Release|Any CPU
		{25AB223B-71D8-4E91-A7DF-23D3434932DB}.Release|x64.Build.0 = Release|Any CPU
		{25AB223B-71D8-4E91-A7DF-23D3434932DB}.Release|x86.ActiveCfg = Release|Any CPU
		{25AB223B-71D8-4E91-A7DF-23D3434932DB}.Release|x86.Build.0 = Release|Any CPU
		{B1C4F054-C8C6-4C4E-992A-4117A3408DC5}.Debug|Any CPU.ActiveCfg = Debug|Any CPU
		{B1C4F054-C8C6-4C4E-992A-4117A3408DC5}.Debug|Any CPU.Build.0 = Debug|Any CPU
		{B1C4F054-C8C6-4C4E-992A-4117A3408DC5}.Debug|x64.ActiveCfg = Debug|Any CPU
		{B1C4F054-C8C6-4C4E-992A-4117A3408DC5}.Debug|x64.Build.0 = Debug|Any CPU
		{B1C4F054-C8C6-4C4E-992A-4117A3408DC5}.Debug|x86.ActiveCfg = Debug|Any CPU
		{B1C4F054-C8C6-4C4E-992A-4117A3408DC5}.Debug|x86.Build.0 = Debug|Any CPU
		{B1C4F054-C8C6-4C4E-992A-4117A3408DC5}.Release|Any CPU.ActiveCfg = Release|Any CPU
		{B1C4F054-C8C6-4C4E-992A-4117A3408DC5}.Release|Any CPU.Build.0 = Release|Any CPU
		{B1C4F054-C8C6-4C4E-992A-4117A3408DC5}.Release|x64.ActiveCfg = Release|Any CPU
		{B1C4F054-C8C6-4C4E-992A-4117A3408DC5}.Release|x64.Build.0 = Release|Any CPU
		{B1C4F054-C8C6-4C4E-992A-4117A3408DC5}.Release|x86.ActiveCfg = Release|Any CPU
		{B1C4F054-C8C6-4C4E-992A-4117A3408DC5}.Release|x86.Build.0 = Release|Any CPU
	EndGlobalSection
	GlobalSection(SolutionProperties) = preSolution
		HideSolutionNode = FALSE
	EndGlobalSection
	GlobalSection(ExtensibilityGlobals) = postSolution
		SolutionGuid = {03C4564C-2AE1-4FA9-95A8-183466EE9FA6}
	EndGlobalSection
EndGlobal
